
Microsoft Visual Studio Solution File, Format Version 12.00
# Visual Studio Version 17
VisualStudioVersion = 17.8.34330.188
MinimumVisualStudioVersion = 10.0.40219.1
Project("{FAE04EC0-301F-11D3-BF4B-00C04F79EFBC}") = "Home exercise", "Home exercise\Home exercise.csproj", "{A7E2D802-A312-420B-BB55-703E355B489D}"
EndProject
Global
	GlobalSection(SolutionConfigurationPlatforms) = preSolution
		Debug|Any CPU = Debug|Any CPU
		Release|Any CPU = Release|Any CPU
	EndGlobalSection
	GlobalSection(ProjectConfigurationPlatforms) = postSolution
		{A7E2D802-A312-420B-BB55-703E355B489D}.Debug|Any CPU.ActiveCfg = Debug|Any CPU
		{A7E2D802-A312-420B-BB55-703E355B489D}.Debug|Any CPU.Build.0 = Debug|Any CPU
		{A7E2D802-A312-420B-BB55-703E355B489D}.Release|Any CPU.ActiveCfg = Release|Any CPU
		{A7E2D802-A312-420B-BB55-703E355B489D}.Release|Any CPU.Build.0 = Release|Any CPU
	EndGlobalSection
	GlobalSection(SolutionProperties) = preSolution
		HideSolutionNode = FALSE
	EndGlobalSection
	GlobalSection(ExtensibilityGlobals) = postSolution
		SolutionGuid = {2F7AA0D3-6F4C-4D3B-B33E-5CE637347400}
	EndGlobalSection
EndGlobal
